# Code generated by scarb DO NOT EDIT.
version = 1

[[package]]
name = "snforge_scarb_plugin"
version = "0.58.0"
source = "git+https://github.com/foundry-rs/starknet-foundry?tag=v0.58.0#ba73649aa9c07370767fc93affbf5989590e52ee"

[[package]]
name = "snforge_std"
version = "0.58.0"
source = "git+https://github.com/foundry-rs/starknet-foundry?tag=v0.58.0#ba73649aa9c07370767fc93affbf5989590e52ee"
dependencies = [
 "snforge_scarb_plugin",
]

[[package]]
name = "social_dapp"
version = "0.1.0"
dependencies = [
 "snforge_std",
]
